
Microsoft Visual Studio Solution File, Format Version 12.00
# Visual Studio 15
VisualStudioVersion = 15.0.28307.572
MinimumVisualStudioVersion = 10.0.40219.1
Project("{FAE04EC0-301F-11D3-BF4B-00C04F79EFBC}") = "AutoStitch", "AutoStitch\AutoStitch.csproj", "{325F83B6-CCCB-4D57-AE28-C4BC806CC947}"
EndProject
Global
	GlobalSection(SolutionConfigurationPlatforms) = preSolution
		Debug|Any CPU = Debug|Any CPU
		Release|Any CPU = Release|Any CPU
	EndGlobalSection
	GlobalSection(ProjectConfigurationPlatforms) = postSolution
		{325F83B6-CCCB-4D57-AE28-C4BC806CC947}.Debug|Any CPU.ActiveCfg = Debug|Any CPU
		{325F83B6-CCCB-4D57-AE28-C4BC806CC947}.Debug|Any CPU.Build.0 = Debug|Any CPU
		{325F83B6-CCCB-4D57-AE28-C4BC806CC947}.Release|Any CPU.ActiveCfg = Release|Any CPU
		{325F83B6-CCCB-4D57-AE28-C4BC806CC947}.Release|Any CPU.Build.0 = Release|Any CPU
	EndGlobalSection
	GlobalSection(SolutionProperties) = preSolution
		HideSolutionNode = FALSE
	EndGlobalSection
	GlobalSection(ExtensibilityGlobals) = postSolution
		SolutionGuid = {A1DC0FF4-71EF-4CD6-9086-43B6F5E99124}
	EndGlobalSection
EndGlobal
